
Microsoft Visual Studio Solution File, Format Version 12.00
# Visual Studio Version 16
VisualStudioVersion = 16.0.29613.14
MinimumVisualStudioVersion = 10.0.40219.1
Project("{9A19103F-16F7-4668-BE54-9A1E7A4F7556}") = "Lommeregner", "Lommeregner\Lommeregner.csproj", "{D7BDC7DB-C9B4-4EDE-955B-59D50691E4DD}"
EndProject
Project("{9A19103F-16F7-4668-BE54-9A1E7A4F7556}") = "Game", "Game\Game.csproj", "{6E646B54-3B46-4542-A641-3FC172D24CFF}"
EndProject
Global
	GlobalSection(SolutionConfigurationPlatforms) = preSolution
		Debug|Any CPU = Debug|Any CPU
		Release|Any CPU = Release|Any CPU
	EndGlobalSection
	GlobalSection(ProjectConfigurationPlatforms) = postSolution
		{D7BDC7DB-C9B4-4EDE-955B-59D50691E4DD}.Debug|Any CPU.ActiveCfg = Debug|Any CPU
		{D7BDC7DB-C9B4-4EDE-955B-59D50691E4DD}.Debug|Any CPU.Build.0 = Debug|Any CPU
		{D7BDC7DB-C9B4-4EDE-955B-59D50691E4DD}.Release|Any CPU.ActiveCfg = Release|Any CPU
		{D7BDC7DB-C9B4-4EDE-955B-59D50691E4DD}.Release|Any CPU.Build.0 = Release|Any CPU
		{6E646B54-3B46-4542-A641-3FC172D24CFF}.Debug|Any CPU.ActiveCfg = Debug|Any CPU
		{6E646B54-3B46-4542-A641-3FC172D24CFF}.Debug|Any CPU.Build.0 = Debug|Any CPU
		{6E646B54-3B46-4542-A641-3FC172D24CFF}.Release|Any CPU.ActiveCfg = Release|Any CPU
		{6E646B54-3B46-4542-A641-3FC172D24CFF}.Release|Any CPU.Build.0 = Release|Any CPU
	EndGlobalSection
	GlobalSection(SolutionProperties) = preSolution
		HideSolutionNode = FALSE
	EndGlobalSection
	GlobalSection(ExtensibilityGlobals) = postSolution
		SolutionGuid = {3DD9F6E0-F1E9-47DC-8D75-6116773262B0}
	EndGlobalSection
EndGlobal
